PODS:
  - crayola (0.0.1):
    - FlutterMacOS
  - FlutterMacOS (1.0.0)

DEPENDENCIES:
  - crayola (from `Flutter/ephemeral/.symlinks/plugins/crayola/macos`)
  - FlutterMacOS (from `Flutter/ephemeral`)

EXTERNAL SOURCES:
  crayola:
    :path: Flutter/ephemeral/.symlinks/plugins/crayola/macos
  FlutterMacOS:
    :path: Flutter/ephemeral

SPEC CHECKSUMS:
  crayola: a3f6e6592d9f8f023b6e8f3595578acefe321165
  FlutterMacOS: 8f6f14fa908a6fb3fba0cd85dbd81ec4b251fb24

PODFILE CHECKSUM: 505596d150d38022472859d890f709281982e016

COCOAPODS: 1.12.0
