PODS:
  - crayola (0.0.1):
    - FlutterMacOS
  - FlutterMacOS (1.0.0)

DEPENDENCIES:
  - crayola (from `Flutter/ephemeral/.symlinks/plugins/crayola/macos`)
  - FlutterMacOS (from `Flutter/ephemeral`)

EXTERNAL SOURCES:
  crayola:
    :path: Flutter/ephemeral/.symlinks/plugins/crayola/macos
  FlutterMacOS:
    :path: Flutter/ephemeral

SPEC CHECKSUMS:
  crayola: 5ade4a6593abd73977f858309309a1527b688bc4
  FlutterMacOS: 57701585bf7de1b3fc2bb61f6378d73bbdea8424

PODFILE CHECKSUM: 505596d150d38022472859d890f709281982e016

COCOAPODS: 1.11.2
